
Microsoft Visual Studio Solution File, Format Version 12.00
# Visual Studio Version 17
VisualStudioVersion = 17.4.33213.308
MinimumVisualStudioVersion = 10.0.40219.1
Project("{FAE04EC0-301F-11D3-BF4B-00C04F79EFBC}") = "naval", "naval.csproj", "{3F11199B-82D7-4EBF-841A-6EDA0D050B71}"
EndProject
Global
	GlobalSection(SolutionConfigurationPlatforms) = preSolution
		Debug|Any CPU = Debug|Any CPU
		Release|Any CPU = Release|Any CPU
	EndGlobalSection
	GlobalSection(ProjectConfigurationPlatforms) = postSolution
		{3F11199B-82D7-4EBF-841A-6EDA0D050B71}.Debug|Any CPU.ActiveCfg = Debug|Any CPU
		{3F11199B-82D7-4EBF-841A-6EDA0D050B71}.Debug|Any CPU.Build.0 = Debug|Any CPU
		{3F11199B-82D7-4EBF-841A-6EDA0D050B71}.Release|Any CPU.ActiveCfg = Release|Any CPU
		{3F11199B-82D7-4EBF-841A-6EDA0D050B71}.Release|Any CPU.Build.0 = Release|Any CPU
	EndGlobalSection
	GlobalSection(SolutionProperties) = preSolution
		HideSolutionNode = FALSE
	EndGlobalSection
	GlobalSection(ExtensibilityGlobals) = postSolution
		SolutionGuid = {184F2A0C-6122-42F9-8EE0-57598D92268E}
	EndGlobalSection
EndGlobal
